{
  "name": "crypto_wallet",
  "version": "1.0.0",
  "lockfileVersion": 2,
  "requires": true,
  "packages": {
    "": {
      "name": "crypto_wallet",
      "version": "1.0.0",
      "license": "MIT",
      "dependencies": {
        "jquery": "^3.7.0",
        "notify-js-legacy": "^0.4.1",
        "yarn": "^1.22.19"
      }
    },
    "node_modules/jquery": {
      "version": "3.7.0",
      "resolved": "https://registry.npmjs.org/jquery/-/jquery-3.7.0.tgz",
      "integrity": "sha512-umpJ0/k8X0MvD1ds0P9SfowREz2LenHsQaxSohMZ5OMNEU2r0tf8pdeEFTHMFxWVxKNyU9rTtK3CWzUCTKJUeQ==",
      "license": "MIT"
    },
    "node_modules/notify-js-legacy": {
      "version": "0.4.1",
      "resolved": "https://registry.npmjs.org/notify-js-legacy/-/notify-js-legacy-0.4.1.tgz",
      "integrity": "sha512-v9tUdioFeizt2Y+wD9Vg4MWN8zbX5BTLfjHMO9UBKKLODZSsfnlV+MWONWVldB6sXqvg3AbaYB407WxnmYZk/g==",
      "license": "ISC"
    },
    "node_modules/yarn": {
      "version": "1.22.19",
      "resolved": "https://registry.npmjs.org/yarn/-/yarn-1.22.19.tgz",
      "integrity": "sha512-/0V5q0WbslqnwP91tirOvldvYISzaqhClxzyUKXYxs07yUILIs5jx/k6CFe8bvKSkds5w+eiOqta39Wk3WxdcQ==",
      "hasInstallScript": true,
      "bin": {
        "yarn": "bin/yarn.js",
        "yarnpkg": "bin/yarn.js"
      },
      "engines": {
        "node": ">=4.0.0"
      }
    }
  },
  "dependencies": {
    "jquery": {
      "version": "3.7.0",
      "resolved": "https://registry.npmjs.org/jquery/-/jquery-3.7.0.tgz",
      "integrity": "sha512-umpJ0/k8X0MvD1ds0P9SfowREz2LenHsQaxSohMZ5OMNEU2r0tf8pdeEFTHMFxWVxKNyU9rTtK3CWzUCTKJUeQ=="
    },
    "notify-js-legacy": {
      "version": "0.4.1",
      "resolved": "https://registry.npmjs.org/notify-js-legacy/-/notify-js-legacy-0.4.1.tgz",
      "integrity": "sha512-v9tUdioFeizt2Y+wD9Vg4MWN8zbX5BTLfjHMO9UBKKLODZSsfnlV+MWONWVldB6sXqvg3AbaYB407WxnmYZk/g=="
    },
    "yarn": {
      "version": "1.22.19",
      "resolved": "https://registry.npmjs.org/yarn/-/yarn-1.22.19.tgz",
      "integrity": "sha512-/0V5q0WbslqnwP91tirOvldvYISzaqhClxzyUKXYxs07yUILIs5jx/k6CFe8bvKSkds5w+eiOqta39Wk3WxdcQ=="
    }
  }
}
